Microsoft Visual Studio Solution File, Format Version 12.00
# Visual Studio Version 17
VisualStudioVersion = 17.13.35919.96
MinimumVisualStudioVersion = 10.0.40219.1
Project("{FAE04EC0-301F-11D3-BF4B-00C04F79EFBC}") = "ImageLitifier.WebApp", "ImageLitifierWebApp\ImageLitifier.WebApp.csproj", "{9F1F0BEE-0C75-4531-BF83-C16BD2076A89}"
EndProject
Global
	GlobalSection(SolutionConfigurationPlatforms) = preSolution
		Debug|Any CPU = Debug|Any CPU
		Release|Any CPU = Release|Any CPU
	EndGlobalSection
	GlobalSection(ProjectConfigurationPlatforms) = postSolution
		{9F1F0BEE-0C75-4531-BF83-C16BD2076A89}.Debug|Any CPU.ActiveCfg = Debug|Any CPU
		{9F1F0BEE-0C75-4531-BF83-C16BD2076A89}.Debug|Any CPU.Build.0 = Debug|Any CPU
		{9F1F0BEE-0C75-4531-BF83-C16BD2076A89}.Release|Any CPU.ActiveCfg = Release|Any CPU
		{9F1F0BEE-0C75-4531-BF83-C16BD2076A89}.Release|Any CPU.Build.0 = Release|Any CPU
	EndGlobalSection
	GlobalSection(SolutionProperties) = preSolution
		HideSolutionNode = FALSE
	EndGlobalSection
	GlobalSection(ExtensibilityGlobals) = postSolution
		SolutionGuid = {54DFB160-052A-4314-973B-238BCB081FCE}
	EndGlobalSection
EndGlobal
